// !$*UTF8*$!
{
	archiveVersion = 1;
	classes = {
	};
	objectVersion = 46;
	objects = {

/* Begin PBXBuildFile section */
		FF0B9BA41AB9077F00A38372 /* main.m in Sources */ = {isa = PBXBuildFile; fileRef = FF0B9BA31AB9077F00A38372 /* main.m */; };
		FF0B9BA71AB9077F00A38372 /* AppDelegate.m in Sources */ = {isa = PBXBuildFile; fileRef = FF0B9BA61AB9077F00A38372 /* AppDelegate.m */; };
		FF0B9BAA1AB9077F00A38372 /* ViewController.m in Sources */ = {isa = PBXBuildFile; fileRef = FF0B9BA91AB9077F00A38372 /* ViewController.m */; };
		FF0B9BAD1AB9077F00A38372 /* Main.storyboard in Resources */ = {isa = PBXBuildFile; fileRef = FF0B9BAB1AB9077F00A38372 /* Main.storyboard */; };
		FF0B9BAF1AB9077F00A38372 /* Images.xcassets in Resources */ = {isa = PBXBuildFile; fileRef = FF0B9BAE1AB9077F00A38372 /* Images.xcassets */; };
		FF0B9BB21AB9077F00A38372 /* LaunchScreen.xib in Resources */ = {isa = PBXBuildFile; fileRef = FF0B9BB01AB9077F00A38372 /* LaunchScreen.xib */; };
		FF0B9BBE1AB9077F00A38372 /* PageBaseTests.m in Sources */ = {isa = PBXBuildFile; fileRef = FF0B9BBD1AB9077F00A38372 /* PageBaseTests.m */; };
		FF0B9BD11AB9078E00A38372 /* InterfaceController.m in Sources */ = {isa = PBXBuildFile; fileRef = FF0B9BD01AB9078E00A38372 /* InterfaceController.m */; };
		FF0B9BD31AB9078E00A38372 /* Images.xcassets in Resources */ = {isa = PBXBuildFile; fileRef = FF0B9BD21AB9078E00A38372 /* Images.xcassets */; };
		FF0B9BD71AB9078E00A38372 /* PageBase WatchKit App.app in Resources */ = {isa = PBXBuildFile; fileRef = FF0B9BD61AB9078E00A38372 /* PageBase WatchKit App.app */; };
		FF0B9BDF1AB9078E00A38372 /* Interface.storyboard in Resources */ = {isa = PBXBuildFile; fileRef = FF0B9BDD1AB9078E00A38372 /* Interface.storyboard */; };
		FF0B9BE11AB9078E00A38372 /* Images.xcassets in Resources */ = {isa = PBXBuildFile; fileRef = FF0B9BE01AB9078E00A38372 /* Images.xcassets */; };
		FF0B9BE41AB9078E00A38372 /* PageBase WatchKit Extension.appex in Embed App Extensions */ = {isa = PBXBuildFile; fileRef = FF0B9BCB1AB9078E00A38372 /* PageBase WatchKit Extension.appex */; settings = {ATTRIBUTES = (RemoveHeadersOnCopy, ); }; };
		FF0B9C231AB9523100A38372 /* SecondInterfaceController.m in Sources */ = {isa = PBXBuildFile; fileRef = FF0B9C221AB9523100A38372 /* SecondInterfaceController.m */; };
		FF0B9C261AB9555200A38372 /* ThirdInterfaceController.m in Sources */ = {isa = PBXBuildFile; fileRef = FF0B9C251AB9555200A38372 /* ThirdInterfaceController.m */; };
		FF0B9C291AB960AE00A38372 /* Sub1InterfaceController.m in Sources */ = {isa = PBXBuildFile; fileRef = FF0B9C281AB960AE00A38372 /* Sub1InterfaceController.m */; };
		FF0B9C2C1AB960B500A38372 /* Sub2InterfaceController.m in Sources */ = {isa = PBXBuildFile; fileRef = FF0B9C2B1AB960B500A38372 /* Sub2InterfaceController.m */; };
		FF0B9C2F1AB960BE00A38372 /* Sub3InterfaceController.m in Sources */ = {isa = PBXBuildFile; fileRef = FF0B9C2E1AB960BE00A38372 /* Sub3InterfaceController.m */; };
/* End PBXBuildFile section */

/* Begin PBXContainerItemProxy section */
		FF0B9BB81AB9077F00A38372 /* PBXContainerItemProxy */ = {
			isa = PBXContainerItemProxy;
			containerPortal = FF0B9B961AB9077F00A38372 /* Project object */;
			proxyType = 1;
			remoteGlobalIDString = FF0B9B9D1AB9077F00A38372;
			remoteInfo = PageBase;
		};
		FF0B9BD81AB9078E00A38372 /* PBXContainerItemProxy */ = {
			isa = PBXContainerItemProxy;
			containerPortal = FF0B9B961AB9077F00A38372 /* Project object */;
			proxyType = 1;
			remoteGlobalIDString = FF0B9BD51AB9078E00A38372;
			remoteInfo = "PageBase WatchKit App";
		};
		FF0B9BE21AB9078E00A38372 /* PBXContainerItemProxy */ = {
			isa = PBXContainerItemProxy;
			containerPortal = FF0B9B961AB9077F00A38372 /* Project object */;
			proxyType = 1;
			remoteGlobalIDString = FF0B9BCA1AB9078E00A38372;
			remoteInfo = "PageBase WatchKit Extension";
		};
/* End PBXContainerItemProxy section */

/* Begin PBXCopyFilesBuildPhase section */
		FF0B9BEB1AB9078E00A38372 /* Embed App Extensions */ = {
			isa = PBXCopyFilesBuildPhase;
			buildActionMask = 2147483647;
			dstPath = "";
			dstSubfolderSpec = 13;
			files = (
				FF0B9BE41AB9078E00A38372 /* PageBase WatchKit Extension.appex in Embed App Extensions */,
			);
			name = "Embed App Extensions";
			runOnlyForDeploymentPostprocessing = 0;
		};
/* End PBXCopyFilesBuildPhase section */

/* Begin PBXFileReference section */
		FF0B9B9E1AB9077F00A38372 /* PageBase.app */ = {isa = PBXFileReference; explicitFileType = wrapper.application; includeInIndex = 0; path = PageBase.app; sourceTree = BUILT_PRODUCTS_DIR; };
		FF0B9BA21AB9077F00A38372 /* Info.plist */ = {isa = PBXFileReference; lastKnownFileType = text.plist.xml; path = Info.plist; sourceTree = "<group>"; };
		FF0B9BA31AB9077F00A38372 /* main.m */ = {isa = PBXFileReference; lastKnownFileType = sourcecode.c.objc; path = main.m; sourceTree = "<group>"; };
		FF0B9BA51AB9077F00A38372 /* AppDelegate.h */ = {isa = PBXFileReference; lastKnownFileType = sourcecode.c.h; path = AppDelegate.h; sourceTree = "<group>"; };
		FF0B9BA61AB9077F00A38372 /* AppDelegate.m */ = {isa = PBXFileReference; lastKnownFileType = sourcecode.c.objc; path = AppDelegate.m; sourceTree = "<group>"; };
		FF0B9BA81AB9077F00A38372 /* ViewController.h */ = {isa = PBXFileReference; lastKnownFileType = sourcecode.c.h; path = ViewController.h; sourceTree = "<group>"; };
		FF0B9BA91AB9077F00A38372 /* ViewController.m */ = {isa = PBXFileReference; lastKnownFileType = sourcecode.c.objc; path = ViewController.m; sourceTree = "<group>"; };
		FF0B9BAC1AB9077F00A38372 /* Base */ = {isa = PBXFileReference; lastKnownFileType = file.storyboard; name = Base; path = Base.lproj/Main.storyboard; sourceTree = "<group>"; };
		FF0B9BAE1AB9077F00A38372 /* Images.xcassets */ = {isa = PBXFileReference; lastKnownFileType = folder.assetcatalog; path = Images.xcassets; sourceTree = "<group>"; };
		FF0B9BB11AB9077F00A38372 /* Base */ = {isa = PBXFileReference; lastKnownFileType = file.xib; name = Base; path = Base.lproj/LaunchScreen.xib; sourceTree = "<group>"; };
		FF0B9BB71AB9077F00A38372 /* PageBaseTests.xctest */ = {isa = PBXFileReference; explicitFileType = wrapper.cfbundle; includeInIndex = 0; path = PageBaseTests.xctest; sourceTree = BUILT_PRODUCTS_DIR; };
		FF0B9BBC1AB9077F00A38372 /* Info.plist */ = {isa = PBXFileReference; lastKnownFileType = text.plist.xml; path = Info.plist; sourceTree = "<group>"; };
		FF0B9BBD1AB9077F00A38372 /* PageBaseTests.m */ = {isa = PBXFileReference; lastKnownFileType = sourcecode.c.objc; path = PageBaseTests.m; sourceTree = "<group>"; };
		FF0B9BCB1AB9078E00A38372 /* PageBase WatchKit Extension.appex */ = {isa = PBXFileReference; explicitFileType = "wrapper.app-extension"; includeInIndex = 0; path = "PageBase WatchKit Extension.appex"; sourceTree = BUILT_PRODUCTS_DIR; };
		FF0B9BCE1AB9078E00A38372 /* Info.plist */ = {isa = PBXFileReference; lastKnownFileType = text.plist.xml; path = Info.plist; sourceTree = "<group>"; };
		FF0B9BCF1AB9078E00A38372 /* InterfaceController.h */ = {isa = PBXFileReference; lastKnownFileType = sourcecode.c.h; path = InterfaceController.h; sourceTree = "<group>"; };
		FF0B9BD01AB9078E00A38372 /* InterfaceController.m */ = {isa = PBXFileReference; lastKnownFileType = sourcecode.c.objc; path = InterfaceController.m; sourceTree = "<group>"; };
		FF0B9BD21AB9078E00A38372 /* Images.xcassets */ = {isa = PBXFileReference; lastKnownFileType = folder.assetcatalog; path = Images.xcassets; sourceTree = "<group>"; };
		FF0B9BD61AB9078E00A38372 /* PageBase WatchKit App.app */ = {isa = PBXFileReference; explicitFileType = wrapper.application; includeInIndex = 0; path = "PageBase WatchKit App.app"; sourceTree = BUILT_PRODUCTS_DIR; };
		FF0B9BDC1AB9078E00A38372 /* Info.plist */ = {isa = PBXFileReference; lastKnownFileType = text.plist.xml; path = Info.plist; sourceTree = "<group>"; };
		FF0B9BDE1AB9078E00A38372 /* Base */ = {isa = PBXFileReference; lastKnownFileType = file.storyboard; name = Base; path = Base.lproj/Interface.storyboard; sourceTree = "<group>"; };
		FF0B9BE01AB9078E00A38372 /* Images.xcassets */ = {isa = PBXFileReference; lastKnownFileType = folder.assetcatalog; path = Images.xcassets; sourceTree = "<group>"; };
		FF0B9C211AB9523100A38372 /* SecondInterfaceController.h */ = {isa = PBXFileReference; fileEncoding = 4; lastKnownFileType = sourcecode.c.h; path = SecondInterfaceController.h; sourceTree = "<group>"; };
		FF0B9C221AB9523100A38372 /* SecondInterfaceController.m */ = {isa = PBXFileReference; fileEncoding = 4; lastKnownFileType = sourcecode.c.objc; path = SecondInterfaceController.m; sourceTree = "<group>"; };
		FF0B9C241AB9555200A38372 /* ThirdInterfaceController.h */ = {isa = PBXFileReference; fileEncoding = 4; lastKnownFileType = sourcecode.c.h; path = ThirdInterfaceController.h; sourceTree = "<group>"; };
		FF0B9C251AB9555200A38372 /* ThirdInterfaceController.m */ = {isa = PBXFileReference; fileEncoding = 4; lastKnownFileType = sourcecode.c.objc; path = ThirdInterfaceController.m; sourceTree = "<group>"; };
		FF0B9C271AB960AE00A38372 /* Sub1InterfaceController.h */ = {isa = PBXFileReference; fileEncoding = 4; lastKnownFileType = sourcecode.c.h; path = Sub1InterfaceController.h; sourceTree = "<group>"; };
		FF0B9C281AB960AE00A38372 /* Sub1InterfaceController.m */ = {isa = PBXFileReference; fileEncoding = 4; lastKnownFileType = sourcecode.c.objc; path = Sub1InterfaceController.m; sourceTree = "<group>"; };
		FF0B9C2A1AB960B500A38372 /* Sub2InterfaceController.h */ = {isa = PBXFileReference; fileEncoding = 4; lastKnownFileType = sourcecode.c.h; path = Sub2InterfaceController.h; sourceTree = "<group>"; };
		FF0B9C2B1AB960B500A38372 /* Sub2InterfaceController.m */ = {isa = PBXFileReference; fileEncoding = 4; lastKnownFileType = sourcecode.c.objc; path = Sub2InterfaceController.m; sourceTree = "<group>"; };
		FF0B9C2D1AB960BE00A38372 /* Sub3InterfaceController.h */ = {isa = PBXFileReference; fileEncoding = 4; lastKnownFileType = sourcecode.c.h; path = Sub3InterfaceController.h; sourceTree = "<group>"; };
		FF0B9C2E1AB960BE00A38372 /* Sub3InterfaceController.m */ = {isa = PBXFileReference; fileEncoding = 4; lastKnownFileType = sourcecode.c.objc; path = Sub3InterfaceController.m; sourceTree = "<group>"; };
/* End PBXFileReference section */

/* Begin PBXFrameworksBuildPhase section */
		FF0B9B9B1AB9077F00A38372 /* Frameworks */ = {
			isa = PBXFrameworksBuildPhase;
			buildActionMask = 2147483647;
			files = (
			);
			runOnlyForDeploymentPostprocessing = 0;
		};
		FF0B9BB41AB9077F00A38372 /* Frameworks */ = {
			isa = PBXFrameworksBuildPhase;
			buildActionMask = 2147483647;
			files = (
			);
			runOnlyForDeploymentPostprocessing = 0;
		};
		FF0B9BC81AB9078E00A38372 /* Frameworks */ = {
			isa = PBXFrameworksBuildPhase;
			buildActionMask = 2147483647;
			files = (
			);
			runOnlyForDeploymentPostprocessing = 0;
		};
/* End PBXFrameworksBuildPhase section */

/* Begin PBXGroup section */
		FF0B9B951AB9077F00A38372 = {
			isa = PBXGroup;
			children = (
				FF0B9BA01AB9077F00A38372 /* PageBase */,
				FF0B9BBA1AB9077F00A38372 /* PageBaseTests */,
				FF0B9BCC1AB9078E00A38372 /* PageBase WatchKit Extension */,
				FF0B9BDA1AB9078E00A38372 /* PageBase WatchKit App */,
				FF0B9B9F1AB9077F00A38372 /* Products */,
			);
			sourceTree = "<group>";
		};
		FF0B9B9F1AB9077F00A38372 /* Products */ = {
			isa = PBXGroup;
			children = (
				FF0B9B9E1AB9077F00A38372 /* PageBase.app */,
				FF0B9BB71AB9077F00A38372 /* PageBaseTests.xctest */,
				FF0B9BCB1AB9078E00A38372 /* PageBase WatchKit Extension.appex */,
				FF0B9BD61AB9078E00A38372 /* PageBase WatchKit App.app */,
			);
			name = Products;
			sourceTree = "<group>";
		};
		FF0B9BA01AB9077F00A38372 /* PageBase */ = {
			isa = PBXGroup;
			children = (
				FF0B9BA51AB9077F00A38372 /* AppDelegate.h */,
				FF0B9BA61AB9077F00A38372 /* AppDelegate.m */,
				FF0B9BA81AB9077F00A38372 /* ViewController.h */,
				FF0B9BA91AB9077F00A38372 /* ViewController.m */,
				FF0B9BAB1AB9077F00A38372 /* Main.storyboard */,
				FF0B9BAE1AB9077F00A38372 /* Images.xcassets */,
				FF0B9BB01AB9077F00A38372 /* LaunchScreen.xib */,
				FF0B9BA11AB9077F00A38372 /* Supporting Files */,
			);
			path = PageBase;
			sourceTree = "<group>";
		};
		FF0B9BA11AB9077F00A38372 /* Supporting Files */ = {
			isa = PBXGroup;
			children = (
				FF0B9BA21AB9077F00A38372 /* Info.plist */,
				FF0B9BA31AB9077F00A38372 /* main.m */,
			);
			name = "Supporting Files";
			sourceTree = "<group>";
		};
		FF0B9BBA1AB9077F00A38372 /* PageBaseTests */ = {
			isa = PBXGroup;
			children = (
				FF0B9BBD1AB9077F00A38372 /* PageBaseTests.m */,
				FF0B9BBB1AB9077F00A38372 /* Supporting Files */,
			);
			path = PageBaseTests;
			sourceTree = "<group>";
		};
		FF0B9BBB1AB9077F00A38372 /* Supporting Files */ = {
			isa = PBXGroup;
			children = (
				FF0B9BBC1AB9077F00A38372 /* Info.plist */,
			);
			name = "Supporting Files";
			sourceTree = "<group>";
		};
		FF0B9BCC1AB9078E00A38372 /* PageBase WatchKit Extension */ = {
			isa = PBXGroup;
			children = (
				FF0B9BCF1AB9078E00A38372 /* InterfaceController.h */,
				FF0B9BD01AB9078E00A38372 /* InterfaceController.m */,
				FF0B9C211AB9523100A38372 /* SecondInterfaceController.h */,
				FF0B9C221AB9523100A38372 /* SecondInterfaceController.m */,
				FF0B9C241AB9555200A38372 /* ThirdInterfaceController.h */,
				FF0B9C251AB9555200A38372 /* ThirdInterfaceController.m */,
				FF0B9C271AB960AE00A38372 /* Sub1InterfaceController.h */,
				FF0B9C281AB960AE00A38372 /* Sub1InterfaceController.m */,
				FF0B9C2A1AB960B500A38372 /* Sub2InterfaceController.h */,
				FF0B9C2B1AB960B500A38372 /* Sub2InterfaceController.m */,
				FF0B9C2D1AB960BE00A38372 /* Sub3InterfaceController.h */,
				FF0B9C2E1AB960BE00A38372 /* Sub3InterfaceController.m */,
				FF0B9BD21AB9078E00A38372 /* Images.xcassets */,
				FF0B9BCD1AB9078E00A38372 /* Supporting Files */,
			);
			path = "PageBase WatchKit Extension";
			sourceTree = "<group>";
		};
		FF0B9BCD1AB9078E00A38372 /* Supporting Files */ = {
			isa = PBXGroup;
			children = (
				FF0B9BCE1AB9078E00A38372 /* Info.plist */,
			);
			name = "Supporting Files";
			sourceTree = "<group>";
		};
		FF0B9BDA1AB9078E00A38372 /* PageBase WatchKit App */ = {
			isa = PBXGroup;
			children = (
				FF0B9BDD1AB9078E00A38372 /* Interface.storyboard */,
				FF0B9BE01AB9078E00A38372 /* Images.xcassets */,
				FF0B9BDB1AB9078E00A38372 /* Supporting Files */,
			);
			path = "PageBase WatchKit App";
			sourceTree = "<group>";
		};
		FF0B9BDB1AB9078E00A38372 /* Supporting Files */ = {
			isa = PBXGroup;
			children = (
				FF0B9BDC1AB9078E00A38372 /* Info.plist */,
			);
			name = "Supporting Files";
			sourceTree = "<group>";
		};
/* End PBXGroup section */

/* Begin PBXNativeTarget section */
		FF0B9B9D1AB9077F00A38372 /* PageBase */ = {
			isa = PBXNativeTarget;
			buildConfigurationList = FF0B9BC11AB9077F00A38372 /* Build configuration list for PBXNativeTarget "PageBase" */;
			buildPhases = (
				FF0B9B9A1AB9077F00A38372 /* Sources */,
				FF0B9B9B1AB9077F00A38372 /* Frameworks */,
				FF0B9B9C1AB9077F00A38372 /* Resources */,
				FF0B9BEB1AB9078E00A38372 /* Embed App Extensions */,
			);
			buildRules = (
			);
			dependencies = (
				FF0B9BE31AB9078E00A38372 /* PBXTargetDependency */,
			);
			name = PageBase;
			productName = PageBase;
			productReference = FF0B9B9E1AB9077F00A38372 /* PageBase.app */;
			productType = "com.apple.product-type.application";
		};
		FF0B9BB61AB9077F00A38372 /* PageBaseTests */ = {
			isa = PBXNativeTarget;
			buildConfigurationList = FF0B9BC41AB9077F00A38372 /* Build configuration list for PBXNativeTarget "PageBaseTests" */;
			buildPhases = (
				FF0B9BB31AB9077F00A38372 /* Sources */,
				FF0B9BB41AB9077F00A38372 /* Frameworks */,
				FF0B9BB51AB9077F00A38372 /* Resources */,
			);
			buildRules = (
			);
			dependencies = (
				FF0B9BB91AB9077F00A38372 /* PBXTargetDependency */,
			);
			name = PageBaseTests;
			productName = PageBaseTests;
			productReference = FF0B9BB71AB9077F00A38372 /* PageBaseTests.xctest */;
			productType = "com.apple.product-type.bundle.unit-test";
		};
		FF0B9BCA1AB9078E00A38372 /* PageBase WatchKit Extension */ = {
			isa = PBXNativeTarget;
			buildConfigurationList = FF0B9BE81AB9078E00A38372 /* Build configuration list for PBXNativeTarget "PageBase WatchKit Extension" */;
			buildPhases = (
				FF0B9BC71AB9078E00A38372 /* Sources */,
				FF0B9BC81AB9078E00A38372 /* Frameworks */,
				FF0B9BC91AB9078E00A38372 /* Resources */,
			);
			buildRules = (
			);
			dependencies = (
				FF0B9BD91AB9078E00A38372 /* PBXTargetDependency */,
			);
			name = "PageBase WatchKit Extension";
			productName = "PageBase WatchKit Extension";
			productReference = FF0B9BCB1AB9078E00A38372 /* PageBase WatchKit Extension.appex */;
			productType = "com.apple.product-type.watchkit-extension";
		};
		FF0B9BD51AB9078E00A38372 /* PageBase WatchKit App */ = {
			isa = PBXNativeTarget;
			buildConfigurationList = FF0B9BE51AB9078E00A38372 /* Build configuration list for PBXNativeTarget "PageBase WatchKit App" */;
			buildPhases = (
				FF0B9BD41AB9078E00A38372 /* Resources */,
			);
			buildRules = (
			);
			dependencies = (
			);
			name = "PageBase WatchKit App";
			productName = "PageBase WatchKit App";
			productReference = FF0B9BD61AB9078E00A38372 /* PageBase WatchKit App.app */;
			productType = "com.apple.product-type.application.watchapp";
		};
/* End PBXNativeTarget section */

/* Begin PBXProject section */
		FF0B9B961AB9077F00A38372 /* Project object */ = {
			isa = PBXProject;
			attributes = {
				LastUpgradeCheck = 0620;
				ORGANIZATIONNAME = "Newton Japan";
				TargetAttributes = {
					FF0B9B9D1AB9077F00A38372 = {
						CreatedOnToolsVersion = 6.2;
					};
					FF0B9BB61AB9077F00A38372 = {
						CreatedOnToolsVersion = 6.2;
						TestTargetID = FF0B9B9D1AB9077F00A38372;
					};
					FF0B9BCA1AB9078E00A38372 = {
						CreatedOnToolsVersion = 6.2;
					};
					FF0B9BD51AB9078E00A38372 = {
						CreatedOnToolsVersion = 6.2;
					};
				};
			};
			buildConfigurationList = FF0B9B991AB9077F00A38372 /* Build configuration list for PBXProject "PageBase" */;
			compatibilityVersion = "Xcode 3.2";
			developmentRegion = English;
			hasScannedForEncodings = 0;
			knownRegions = (
				en,
				Base,
			);
			mainGroup = FF0B9B951AB9077F00A38372;
			productRefGroup = FF0B9B9F1AB9077F00A38372 /* Products */;
			projectDirPath = "";
			projectRoot = "";
			targets = (
				FF0B9B9D1AB9077F00A38372 /* PageBase */,
				FF0B9BB61AB9077F00A38372 /* PageBaseTests */,
				FF0B9BCA1AB9078E00A38372 /* PageBase WatchKit Extension */,
				FF0B9BD51AB9078E00A38372 /* PageBase WatchKit App */,
			);
		};
/* End PBXProject section */

/* Begin PBXResourcesBuildPhase section */
		FF0B9B9C1AB9077F00A38372 /* Resources */ = {
			isa = PBXResourcesBuildPhase;
			buildActionMask = 2147483647;
			files = (
				FF0B9BAD1AB9077F00A38372 /* Main.storyboard in Resources */,
				FF0B9BB21AB9077F00A38372 /* LaunchScreen.xib in Resources */,
				FF0B9BAF1AB9077F00A38372 /* Images.xcassets in Resources */,
			);
			runOnlyForDeploymentPostprocessing = 0;
		};
		FF0B9BB51AB9077F00A38372 /* Resources */ = {
			isa = PBXResourcesBuildPhase;
			buildActionMask = 2147483647;
			files = (
			);
			runOnlyForDeploymentPostprocessing = 0;
		};
		FF0B9BC91AB9078E00A38372 /* Resources */ = {
			isa = PBXResourcesBuildPhase;
			buildActionMask = 2147483647;
			files = (
				FF0B9BD71AB9078E00A38372 /* PageBase WatchKit App.app in Resources */,
				FF0B9BD31AB9078E00A38372 /* Images.xcassets in Resources */,
			);
			runOnlyForDeploymentPostprocessing = 0;
		};
		FF0B9BD41AB9078E00A38372 /* Resources */ = {
			isa = PBXResourcesBuildPhase;
			buildActionMask = 2147483647;
			files = (
				FF0B9BDF1AB9078E00A38372 /* Interface.storyboard in Resources */,
				FF0B9BE11AB9078E00A38372 /* Images.xcassets in Resources */,
			);
			runOnlyForDeploymentPostprocessing = 0;
		};
/* End PBXResourcesBuildPhase section */

/* Begin PBXSourcesBuildPhase section */
		FF0B9B9A1AB9077F00A38372 /* Sources */ = {
			isa = PBXSourcesBuildPhase;
			buildActionMask = 2147483647;
			files = (
				FF0B9BAA1AB9077F00A38372 /* ViewController.m in Sources */,
				FF0B9BA71AB9077F00A38372 /* AppDelegate.m in Sources */,
				FF0B9BA41AB9077F00A38372 /* main.m in Sources */,
			);
			runOnlyForDeploymentPostprocessing = 0;
		};
		FF0B9BB31AB9077F00A38372 /* Sources */ = {
			isa = PBXSourcesBuildPhase;
			buildActionMask = 2147483647;
			files = (
				FF0B9BBE1AB9077F00A38372 /* PageBaseTests.m in Sources */,
			);
			runOnlyForDeploymentPostprocessing = 0;
		};
		FF0B9BC71AB9078E00A38372 /* Sources */ = {
			isa = PBXSourcesBuildPhase;
			buildActionMask = 2147483647;
			files = (
				FF0B9C2F1AB960BE00A38372 /* Sub3InterfaceController.m in Sources */,
				FF0B9C291AB960AE00A38372 /* Sub1InterfaceController.m in Sources */,
				FF0B9C2C1AB960B500A38372 /* Sub2InterfaceController.m in Sources */,
				FF0B9C261AB9555200A38372 /* ThirdInterfaceController.m in Sources */,
				FF0B9BD11AB9078E00A38372 /* InterfaceController.m in Sources */,
				FF0B9C231AB9523100A38372 /* SecondInterfaceController.m in Sources */,
			);
			runOnlyForDeploymentPostprocessing = 0;
		};
/* End PBXSourcesBuildPhase section */

/* Begin PBXTargetDependency section */
		FF0B9BB91AB9077F00A38372 /* PBXTargetDependency */ = {
			isa = PBXTargetDependency;
			target = FF0B9B9D1AB9077F00A38372 /* PageBase */;
			targetProxy = FF0B9BB81AB9077F00A38372 /* PBXContainerItemProxy */;
		};
		FF0B9BD91AB9078E00A38372 /* PBXTargetDependency */ = {
			isa = PBXTargetDependency;
			target = FF0B9BD51AB9078E00A38372 /* PageBase WatchKit App */;
			targetProxy = FF0B9BD81AB9078E00A38372 /* PBXContainerItemProxy */;
		};
		FF0B9BE31AB9078E00A38372 /* PBXTargetDependency */ = {
			isa = PBXTargetDependency;
			target = FF0B9BCA1AB9078E00A38372 /* PageBase WatchKit Extension */;
			targetProxy = FF0B9BE21AB9078E00A38372 /* PBXContainerItemProxy */;
		};
/* End PBXTargetDependency section */

/* Begin PBXVariantGroup section */
		FF0B9BAB1AB9077F00A38372 /* Main.storyboard */ = {
			isa = PBXVariantGroup;
			children = (
				FF0B9BAC1AB9077F00A38372 /* Base */,
			);
			name = Main.storyboard;
			sourceTree = "<group>";
		};
		FF0B9BB01AB9077F00A38372 /* LaunchScreen.xib */ = {
			isa = PBXVariantGroup;
			children = (
				FF0B9BB11AB9077F00A38372 /* Base */,
			);
			name = LaunchScreen.xib;
			sourceTree = "<group>";
		};
		FF0B9BDD1AB9078E00A38372 /* Interface.storyboard */ = {
			isa = PBXVariantGroup;
			children = (
				FF0B9BDE1AB9078E00A38372 /* Base */,
			);
			name = Interface.storyboard;
			sourceTree = "<group>";
		};
/* End PBXVariantGroup section */

/* Begin XCBuildConfiguration section */
		FF0B9BBF1AB9077F00A38372 /* Debug */ = {
			isa = XCBuildConfiguration;
			buildSettings = {
				ALWAYS_SEARCH_USER_PATHS = NO;
				CLANG_CXX_LANGUAGE_STANDARD = "gnu++0x";
				CLANG_CXX_LIBRARY = "libc++";
				CLANG_ENABLE_MODULES = YES;
				CLANG_ENABLE_OBJC_ARC = YES;
				CLANG_WARN_BOOL_CONVERSION = YES;
				CLANG_WARN_CONSTANT_CONVERSION = YES;
				CLANG_WARN_DIRECT_OBJC_ISA_USAGE = YES_ERROR;
				CLANG_WARN_EMPTY_BODY = YES;
				CLANG_WARN_ENUM_CONVERSION = YES;
				CLANG_WARN_INT_CONVERSION = YES;
				CLANG_WARN_OBJC_ROOT_CLASS = YES_ERROR;
				CLANG_WARN_UNREACHABLE_CODE = YES;
				CLANG_WARN__DUPLICATE_METHOD_MATCH = YES;
				"CODE_SIGN_IDENTITY[sdk=iphoneos*]" = "iPhone Developer";
				COPY_PHASE_STRIP = NO;
				ENABLE_STRICT_OBJC_MSGSEND = YES;
				GCC_C_LANGUAGE_STANDARD = gnu99;
				GCC_DYNAMIC_NO_PIC = NO;
				GCC_OPTIMIZATION_LEVEL = 0;
				GCC_PREPROCESSOR_DEFINITIONS = (
					"DEBUG=1",
					"$(inherited)",
				);
				GCC_SYMBOLS_PRIVATE_EXTERN = NO;
				GCC_WARN_64_TO_32_BIT_CONVERSION = YES;
				GCC_WARN_ABOUT_RETURN_TYPE = YES_ERROR;
				GCC_WARN_UNDECLARED_SELECTOR = YES;
				GCC_WARN_UNINITIALIZED_AUTOS = YES_AGGRESSIVE;
				GCC_WARN_UNUSED_FUNCTION = YES;
				GCC_WARN_UNUSED_VARIABLE = YES;
				IPHONEOS_DEPLOYMENT_TARGET = 8.2;
				MTL_ENABLE_DEBUG_INFO = YES;
				ONLY_ACTIVE_ARCH = YES;
				SDKROOT = iphoneos;
			};
			name = Debug;
		};
		FF0B9BC01AB9077F00A38372 /* Release */ = {
			isa = XCBuildConfiguration;
			buildSettings = {
				ALWAYS_SEARCH_USER_PATHS = NO;
				CLANG_CXX_LANGUAGE_STANDARD = "gnu++0x";
				CLANG_CXX_LIBRARY = "libc++";
				CLANG_ENABLE_MODULES = YES;
				CLANG_ENABLE_OBJC_ARC = YES;
				CLANG_WARN_BOOL_CONVERSION = YES;
				CLANG_WARN_CONSTANT_CONVERSION = YES;
				CLANG_WARN_DIRECT_OBJC_ISA_USAGE = YES_ERROR;
				CLANG_WARN_EMPTY_BODY = YES;
				CLANG_WARN_ENUM_CONVERSION = YES;
				CLANG_WARN_INT_CONVERSION = YES;
				CLANG_WARN_OBJC_ROOT_CLASS = YES_ERROR;
				CLANG_WARN_UNREACHABLE_CODE = YES;
				CLANG_WARN__DUPLICATE_METHOD_MATCH = YES;
				"CODE_SIGN_IDENTITY[sdk=iphoneos*]" = "iPhone Developer";
				COPY_PHASE_STRIP = NO;
				ENABLE_NS_ASSERTIONS = NO;
				ENABLE_STRICT_OBJC_MSGSEND = YES;
				GCC_C_LANGUAGE_STANDARD = gnu99;
				GCC_WARN_64_TO_32_BIT_CONVERSION = YES;
				GCC_WARN_ABOUT_RETURN_TYPE = YES_ERROR;
				GCC_WARN_UNDECLARED_SELECTOR = YES;
				GCC_WARN_UNINITIALIZED_AUTOS = YES_AGGRESSIVE;
				GCC_WARN_UNUSED_FUNCTION = YES;
				GCC_WARN_UNUSED_VARIABLE = YES;
				IPHONEOS_DEPLOYMENT_TARGET = 8.2;
				MTL_ENABLE_DEBUG_INFO = NO;
				SDKROOT = iphoneos;
				VALIDATE_PRODUCT = YES;
			};
			name = Release;
		};
		FF0B9BC21AB9077F00A38372 /* Debug */ = {
			isa = XCBuildConfiguration;
			buildSettings = {
				ASSETCATALOG_COMPILER_APPICON_NAME = AppIcon;
				INFOPLIST_FILE = PageBase/Info.plist;
				LD_RUNPATH_SEARCH_PATHS = "$(inherited) @executable_path/Frameworks";
				PRODUCT_NAME = "$(TARGET_NAME)";
			};
			name = Debug;
		};
		FF0B9BC31AB9077F00A38372 /* Release */ = {
			isa = XCBuildConfiguration;
			buildSettings = {
				ASSETCATALOG_COMPILER_APPICON_NAME = AppIcon;
				INFOPLIST_FILE = PageBase/Info.plist;
				LD_RUNPATH_SEARCH_PATHS = "$(inherited) @executable_path/Frameworks";
				PRODUCT_NAME = "$(TARGET_NAME)";
			};
			name = Release;
		};
		FF0B9BC51AB9077F00A38372 /* Debug */ = {
			isa = XCBuildConfiguration;
			buildSettings = {
				BUNDLE_LOADER = "$(TEST_HOST)";
				FRAMEWORK_SEARCH_PATHS = (
					"$(SDKROOT)/Developer/Library/Frameworks",
					"$(inherited)",
				);
				GCC_PREPROCESSOR_DEFINITIONS = (
					"DEBUG=1",
					"$(inherited)",
				);
				INFOPLIST_FILE = PageBaseTests/Info.plist;
				LD_RUNPATH_SEARCH_PATHS = "$(inherited) @executable_path/Frameworks @loader_path/Frameworks";
				PRODUCT_NAME = "$(TARGET_NAME)";
				TEST_HOST = "$(BUILT_PRODUCTS_DIR)/PageBase.app/PageBase";
			};
			name = Debug;
		};
		FF0B9BC61AB9077F00A38372 /* Release */ = {
			isa = XCBuildConfiguration;
			buildSettings = {
				BUNDLE_LOADER = "$(TEST_HOST)";
				FRAMEWORK_SEARCH_PATHS = (
					"$(SDKROOT)/Developer/Library/Frameworks",
					"$(inherited)",
				);
				INFOPLIST_FILE = PageBaseTests/Info.plist;
				LD_RUNPATH_SEARCH_PATHS = "$(inherited) @executable_path/Frameworks @loader_path/Frameworks";
				PRODUCT_NAME = "$(TARGET_NAME)";
				TEST_HOST = "$(BUILT_PRODUCTS_DIR)/PageBase.app/PageBase";
			};
			name = Release;
		};
		FF0B9BE61AB9078E00A38372 /* Debug */ = {
			isa = XCBuildConfiguration;
			buildSettings = {
				ASSETCATALOG_COMPILER_APPICON_NAME = AppIcon;
				GCC_PREPROCESSOR_DEFINITIONS = (
					"DEBUG=1",
					"$(inherited)",
				);
				IBSC_MODULE = PageBase_WatchKit_Extension;
				INFOPLIST_FILE = "PageBase WatchKit App/Info.plist";
				PRODUCT_NAME = "$(TARGET_NAME)";
				SKIP_INSTALL = YES;
				TARGETED_DEVICE_FAMILY = 4;
				"TARGETED_DEVICE_FAMILY[sdk=iphonesimulator*]" = "1,4";
			};
			name = Debug;
		};
		FF0B9BE71AB9078E00A38372 /* Release */ = {
			isa = XCBuildConfiguration;
			buildSettings = {
				ASSETCATALOG_COMPILER_APPICON_NAME = AppIcon;
				IBSC_MODULE = PageBase_WatchKit_Extension;
				INFOPLIST_FILE = "PageBase WatchKit App/Info.plist";
				PRODUCT_NAME = "$(TARGET_NAME)";
				SKIP_INSTALL = YES;
				TARGETED_DEVICE_FAMILY = 4;
				"TARGETED_DEVICE_FAMILY[sdk=iphonesimulator*]" = "1,4";
			};
			name = Release;
		};
		FF0B9BE91AB9078E00A38372 /* Debug */ = {
			isa = XCBuildConfiguration;
			buildSettings = {
				GCC_PREPROCESSOR_DEFINITIONS = (
					"DEBUG=1",
					"$(inherited)",
				);
				INFOPLIST_FILE = "PageBase WatchKit Extension/Info.plist";
				LD_RUNPATH_SEARCH_PATHS = "$(inherited) @executable_path/Frameworks @executable_path/../../Frameworks";
				PRODUCT_NAME = "${TARGET_NAME}";
				SKIP_INSTALL = YES;
			};
			name = Debug;
		};
		FF0B9BEA1AB9078E00A38372 /* Release */ = {
			isa = XCBuildConfiguration;
			buildSettings = {
				INFOPLIST_FILE = "PageBase WatchKit Extension/Info.plist";
				LD_RUNPATH_SEARCH_PATHS = "$(inherited) @executable_path/Frameworks @executable_path/../../Frameworks";
				PRODUCT_NAME = "${TARGET_NAME}";
				SKIP_INSTALL = YES;
			};
			name = Release;
		};
/* End XCBuildConfiguration section */

/* Begin XCConfigurationList section */
		FF0B9B991AB9077F00A38372 /* Build configuration list for PBXProject "PageBase" */ = {
			isa = XCConfigurationList;
			buildConfigurations = (
				FF0B9BBF1AB9077F00A38372 /* Debug */,
				FF0B9BC01AB9077F00A38372 /* Release */,
			);
			defaultConfigurationIsVisible = 0;
			defaultConfigurationName = Release;
		};
		FF0B9BC11AB9077F00A38372 /* Build configuration list for PBXNativeTarget "PageBase" */ = {
			isa = XCConfigurationList;
			buildConfigurations = (
				FF0B9BC21AB9077F00A38372 /* Debug */,
				FF0B9BC31AB9077F00A38372 /* Release */,
			);
			defaultConfigurationIsVisible = 0;
		};
		FF0B9BC41AB9077F00A38372 /* Build configuration list for PBXNativeTarget "PageBaseTests" */ = {
			isa = XCConfigurationList;
			buildConfigurations = (
				FF0B9BC51AB9077F00A38372 /* Debug */,
				FF0B9BC61AB9077F00A38372 /* Release */,
			);
			defaultConfigurationIsVisible = 0;
		};
		FF0B9BE51AB9078E00A38372 /* Build configuration list for PBXNativeTarget "PageBase WatchKit App" */ = {
			isa = XCConfigurationList;
			buildConfigurations = (
				FF0B9BE61AB9078E00A38372 /* Debug */,
				FF0B9BE71AB9078E00A38372 /* Release */,
			);
			defaultConfigurationIsVisible = 0;
		};
		FF0B9BE81AB9078E00A38372 /* Build configuration list for PBXNativeTarget "PageBase WatchKit Extension" */ = {
			isa = XCConfigurationList;
			buildConfigurations = (
				FF0B9BE91AB9078E00A38372 /* Debug */,
				FF0B9BEA1AB9078E00A38372 /* Release */,
			);
			defaultConfigurationIsVisible = 0;
		};
/* End XCConfigurationList section */
	};
	rootObject = FF0B9B961AB9077F00A38372 /* Project object */;
}
